
Microsoft Visual Studio Solution File, Format Version 12.00
# Visual Studio 2013
VisualStudioVersion = 12.0.21005.1
MinimumVisualStudioVersion = 10.0.40219.1
Project("{FAE04EC0-301F-11D3-BF4B-00C04F79EFBC}") = "GlobalOffensiveStats", "GlobalOffensiveStats.csproj", "{A5EEBDDA-9216-4C7E-B135-93D14584AA6A}"
EndProject
Project("{2150E333-8FDC-42A3-9474-1A3956D46DE8}") = "Solution Items", "Solution Items", "{1D2BC136-FEF2-4754-982D-4E1058DD6B07}"
EndProject
Global
	GlobalSection(SolutionConfigurationPlatforms) = preSolution
		Debug|Any CPU = Debug|Any CPU
		Release|Any CPU = Release|Any CPU
	EndGlobalSection
	GlobalSection(ProjectConfigurationPlatforms) = postSolution
		{A5EEBDDA-9216-4C7E-B135-93D14584AA6A}.Debug|Any CPU.ActiveCfg = Debug|Any CPU
		{A5EEBDDA-9216-4C7E-B135-93D14584AA6A}.Debug|Any CPU.Build.0 = Debug|Any CPU
		{A5EEBDDA-9216-4C7E-B135-93D14584AA6A}.Release|Any CPU.ActiveCfg = Release|Any CPU
		{A5EEBDDA-9216-4C7E-B135-93D14584AA6A}.Release|Any CPU.Build.0 = Release|Any CPU
	EndGlobalSection
	GlobalSection(SolutionProperties) = preSolution
		HideSolutionNode = FALSE
	EndGlobalSection
EndGlobal
